
Microsoft Visual Studio Solution File, Format Version 12.00
# Visual Studio Version 16
VisualStudioVersion = 16.0.30804.86
MinimumVisualStudioVersion = 15.0.26124.0
Project("{9A19103F-16F7-4668-BE54-9A1E7A4F7556}") = "Werewolf.Users.Api", "Werewolf.Users.Api\Werewolf.Users.Api.csproj", "{E325279E-79D2-4C51-B0D6-81B9E5770820}"
EndProject
Project("{9A19103F-16F7-4668-BE54-9A1E7A4F7556}") = "Werewolf.Users", "Werewolf.Users\Werewolf.Users.csproj", "{475CF7E2-07A4-427C-990A-D387F410ACBB}"
EndProject
Project("{2150E333-8FDC-42A3-9474-1A3956D46DE8}") = "Themes", "Themes", "{187B9586-D3F9-4D88-8217-02FEB52B4BA8}"
EndProject
Project("{9A19103F-16F7-4668-BE54-9A1E7A4F7556}") = "Werewolf.Theme.Base", "Themes\Werewolf.Theme.Base\Werewolf.Theme.Base.csproj", "{05032AFB-5848-46C4-A571-4CFFD203A88E}"
EndProject
Project("{2150E333-8FDC-42A3-9474-1A3956D46DE8}") = "Solution Items", "Solution Items", "{26C4CCF1-6F3F-46D4-A693-0E0D9AA7B6CB}"
	ProjectSection(SolutionItems) = preProject
		.editorconfig = .editorconfig
	EndProjectSection
EndProject
Project("{FAE04EC0-301F-11D3-BF4B-00C04F79EFBC}") = "Werewolf.Theme.Default", "Themes\Werewolf.Theme.Default\Werewolf.Theme.Default.csproj", "{0FE56DA4-86C7-40DC-90BC-D66A9AAEBDE2}"
EndProject
Project("{FAE04EC0-301F-11D3-BF4B-00C04F79EFBC}") = "Werewolf.Game.Api", "Werewolf.Game.Api\Werewolf.Game.Api.csproj", "{4B39F801-8667-4936-A5B5-3CEE1DCC0195}"
EndProject
Project("{FAE04EC0-301F-11D3-BF4B-00C04F79EFBC}") = "Werewolf.Game.Multiplexer", "Werewolf.Game.Multiplexer\Werewolf.Game.Multiplexer.csproj", "{0FD7F9F7-933F-4CB8-8A92-6F148E81DB62}"
EndProject
Project("{FAE04EC0-301F-11D3-BF4B-00C04F79EFBC}") = "Avalon.The.Resistance", "Themes\Avalon.The.Resistance\Avalon.The.Resistance.csproj", "{05B933EC-3BBA-4686-BDD0-B37B24CC3E37}"
EndProject
Global
	GlobalSection(SolutionConfigurationPlatforms) = preSolution
		Debug|Any CPU = Debug|Any CPU
		Debug|x64 = Debug|x64
		Debug|x86 = Debug|x86
		Release|Any CPU = Release|Any CPU
		Release|x64 = Release|x64
		Release|x86 = Release|x86
	EndGlobalSection
	GlobalSection(ProjectConfigurationPlatforms) = postSolution
		{E325279E-79D2-4C51-B0D6-81B9E5770820}.Debug|Any CPU.ActiveCfg = Debug|Any CPU
		{E325279E-79D2-4C51-B0D6-81B9E5770820}.Debug|Any CPU.Build.0 = Debug|Any CPU
		{E325279E-79D2-4C51-B0D6-81B9E5770820}.Debug|x64.ActiveCfg = Debug|Any CPU
		{E325279E-79D2-4C51-B0D6-81B9E5770820}.Debug|x64.Build.0 = Debug|Any CPU
		{E325279E-79D2-4C51-B0D6-81B9E5770820}.Debug|x86.ActiveCfg = Debug|Any CPU
		{E325279E-79D2-4C51-B0D6-81B9E5770820}.Debug|x86.Build.0 = Debug|Any CPU
		{E325279E-79D2-4C51-B0D6-81B9E5770820}.Release|Any CPU.ActiveCfg = Release|Any CPU
		{E325279E-79D2-4C51-B0D6-81B9E5770820}.Release|Any CPU.Build.0 = Release|Any CPU
		{E325279E-79D2-4C51-B0D6-81B9E5770820}.Release|x64.ActiveCfg = Release|Any CPU
		{E325279E-79D2-4C51-B0D6-81B9E5770820}.Release|x64.Build.0 = Release|Any CPU
		{E325279E-79D2-4C51-B0D6-81B9E5770820}.Release|x86.ActiveCfg = Release|Any CPU
		{E325279E-79D2-4C51-B0D6-81B9E5770820}.Release|x86.Build.0 = Release|Any CPU
		{475CF7E2-07A4-427C-990A-D387F410ACBB}.Debug|Any CPU.ActiveCfg = Debug|Any CPU
		{475CF7E2-07A4-427C-990A-D387F410ACBB}.Debug|Any CPU.Build.0 = Debug|Any CPU
		{475CF7E2-07A4-427C-990A-D387F410ACBB}.Debug|x64.ActiveCfg = Debug|Any CPU
		{475CF7E2-07A4-427C-990A-D387F410ACBB}.Debug|x64.Build.0 = Debug|Any CPU
		{475CF7E2-07A4-427C-990A-D387F410ACBB}.Debug|x86.ActiveCfg = Debug|Any CPU
		{475CF7E2-07A4-427C-990A-D387F410ACBB}.Debug|x86.Build.0 = Debug|Any CPU
		{475CF7E2-07A4-427C-990A-D387F410ACBB}.Release|Any CPU.ActiveCfg = Release|Any CPU
		{475CF7E2-07A4-427C-990A-D387F410ACBB}.Release|Any CPU.Build.0 = Release|Any CPU
		{475CF7E2-07A4-427C-990A-D387F410ACBB}.Release|x64.ActiveCfg = Release|Any CPU
		{475CF7E2-07A4-427C-990A-D387F410ACBB}.Release|x64.Build.0 = Release|Any CPU
		{475CF7E2-07A4-427C-990A-D387F410ACBB}.Release|x86.ActiveCfg = Release|Any CPU
		{475CF7E2-07A4-427C-990A-D387F410ACBB}.Release|x86.Build.0 = Release|Any CPU
		{05032AFB-5848-46C4-A571-4CFFD203A88E}.Debug|Any CPU.ActiveCfg = Debug|Any CPU
		{05032AFB-5848-46C4-A571-4CFFD203A88E}.Debug|Any CPU.Build.0 = Debug|Any CPU
		{05032AFB-5848-46C4-A571-4CFFD203A88E}.Debug|x64.ActiveCfg = Debug|Any CPU
		{05032AFB-5848-46C4-A571-4CFFD203A88E}.Debug|x64.Build.0 = Debug|Any CPU
		{05032AFB-5848-46C4-A571-4CFFD203A88E}.Debug|x86.ActiveCfg = Debug|Any CPU
		{05032AFB-5848-46C4-A571-4CFFD203A88E}.Debug|x86.Build.0 = Debug|Any CPU
		{05032AFB-5848-46C4-A571-4CFFD203A88E}.Release|Any CPU.ActiveCfg = Release|Any CPU
		{05032AFB-5848-46C4-A571-4CFFD203A88E}.Release|Any CPU.Build.0 = Release|Any CPU
		{05032AFB-5848-46C4-A571-4CFFD203A88E}.Release|x64.ActiveCfg = Release|Any CPU
		{05032AFB-5848-46C4-A571-4CFFD203A88E}.Release|x64.Build.0 = Release|Any CPU
		{05032AFB-5848-46C4-A571-4CFFD203A88E}.Release|x86.ActiveCfg = Release|Any CPU
		{05032AFB-5848-46C4-A571-4CFFD203A88E}.Release|x86.Build.0 = Release|Any CPU
		{0FE56DA4-86C7-40DC-90BC-D66A9AAEBDE2}.Debug|Any CPU.ActiveCfg = Debug|Any CPU
		{0FE56DA4-86C7-40DC-90BC-D66A9AAEBDE2}.Debug|Any CPU.Build.0 = Debug|Any CPU
		{0FE56DA4-86C7-40DC-90BC-D66A9AAEBDE2}.Debug|x64.ActiveCfg = Debug|Any CPU
		{0FE56DA4-86C7-40DC-90BC-D66A9AAEBDE2}.Debug|x64.Build.0 = Debug|Any CPU
		{0FE56DA4-86C7-40DC-90BC-D66A9AAEBDE2}.Debug|x86.ActiveCfg = Debug|Any CPU
		{0FE56DA4-86C7-40DC-90BC-D66A9AAEBDE2}.Debug|x86.Build.0 = Debug|Any CPU
		{0FE56DA4-86C7-40DC-90BC-D66A9AAEBDE2}.Release|Any CPU.ActiveCfg = Release|Any CPU
		{0FE56DA4-86C7-40DC-90BC-D66A9AAEBDE2}.Release|Any CPU.Build.0 = Release|Any CPU
		{0FE56DA4-86C7-40DC-90BC-D66A9AAEBDE2}.Release|x64.ActiveCfg = Release|Any CPU
		{0FE56DA4-86C7-40DC-90BC-D66A9AAEBDE2}.Release|x64.Build.0 = Release|Any CPU
		{0FE56DA4-86C7-40DC-90BC-D66A9AAEBDE2}.Release|x86.ActiveCfg = Release|Any CPU
		{0FE56DA4-86C7-40DC-90BC-D66A9AAEBDE2}.Release|x86.Build.0 = Release|Any CPU
		{4B39F801-8667-4936-A5B5-3CEE1DCC0195}.Debug|Any CPU.ActiveCfg = Debug|Any CPU
		{4B39F801-8667-4936-A5B5-3CEE1DCC0195}.Debug|Any CPU.Build.0 = Debug|Any CPU
		{4B39F801-8667-4936-A5B5-3CEE1DCC0195}.Debug|x64.ActiveCfg = Debug|Any CPU
		{4B39F801-8667-4936-A5B5-3CEE1DCC0195}.Debug|x64.Build.0 = Debug|Any CPU
		{4B39F801-8667-4936-A5B5-3CEE1DCC0195}.Debug|x86.ActiveCfg = Debug|Any CPU
		{4B39F801-8667-4936-A5B5-3CEE1DCC0195}.Debug|x86.Build.0 = Debug|Any CPU
		{4B39F801-8667-4936-A5B5-3CEE1DCC0195}.Release|Any CPU.ActiveCfg = Release|Any CPU
		{4B39F801-8667-4936-A5B5-3CEE1DCC0195}.Release|Any CPU.Build.0 = Release|Any CPU
		{4B39F801-8667-4936-A5B5-3CEE1DCC0195}.Release|x64.ActiveCfg = Release|Any CPU
		{4B39F801-8667-4936-A5B5-3CEE1DCC0195}.Release|x64.Build.0 = Release|Any CPU
		{4B39F801-8667-4936-A5B5-3CEE1DCC0195}.Release|x86.ActiveCfg = Release|Any CPU
		{4B39F801-8667-4936-A5B5-3CEE1DCC0195}.Release|x86.Build.0 = Release|Any CPU
		{0FD7F9F7-933F-4CB8-8A92-6F148E81DB62}.Debug|Any CPU.ActiveCfg = Debug|Any CPU
		{0FD7F9F7-933F-4CB8-8A92-6F148E81DB62}.Debug|Any CPU.Build.0 = Debug|Any CPU
		{0FD7F9F7-933F-4CB8-8A92-6F148E81DB62}.Debug|x64.ActiveCfg = Debug|Any CPU
		{0FD7F9F7-933F-4CB8-8A92-6F148E81DB62}.Debug|x64.Build.0 = Debug|Any CPU
		{0FD7F9F7-933F-4CB8-8A92-6F148E81DB62}.Debug|x86.ActiveCfg = Debug|Any CPU
		{0FD7F9F7-933F-4CB8-8A92-6F148E81DB62}.Debug|x86.Build.0 = Debug|Any CPU
		{0FD7F9F7-933F-4CB8-8A92-6F148E81DB62}.Release|Any CPU.ActiveCfg = Release|Any CPU
		{0FD7F9F7-933F-4CB8-8A92-6F148E81DB62}.Release|Any CPU.Build.0 = Release|Any CPU
		{0FD7F9F7-933F-4CB8-8A92-6F148E81DB62}.Release|x64.ActiveCfg = Release|Any CPU
		{0FD7F9F7-933F-4CB8-8A92-6F148E81DB62}.Release|x64.Build.0 = Release|Any CPU
		{0FD7F9F7-933F-4CB8-8A92-6F148E81DB62}.Release|x86.ActiveCfg = Release|Any CPU
		{0FD7F9F7-933F-4CB8-8A92-6F148E81DB62}.Release|x86.Build.0 = Release|Any CPU
		{05B933EC-3BBA-4686-BDD0-B37B24CC3E37}.Debug|Any CPU.ActiveCfg = Debug|Any CPU
		{05B933EC-3BBA-4686-BDD0-B37B24CC3E37}.Debug|Any CPU.Build.0 = Debug|Any CPU
		{05B933EC-3BBA-4686-BDD0-B37B24CC3E37}.Debug|x64.ActiveCfg = Debug|Any CPU
		{05B933EC-3BBA-4686-BDD0-B37B24CC3E37}.Debug|x64.Build.0 = Debug|Any CPU
		{05B933EC-3BBA-4686-BDD0-B37B24CC3E37}.Debug|x86.ActiveCfg = Debug|Any CPU
		{05B933EC-3BBA-4686-BDD0-B37B24CC3E37}.Debug|x86.Build.0 = Debug|Any CPU
		{05B933EC-3BBA-4686-BDD0-B37B24CC3E37}.Release|Any CPU.ActiveCfg = Release|Any CPU
		{05B933EC-3BBA-4686-BDD0-B37B24CC3E37}.Release|Any CPU.Build.0 = Release|Any CPU
		{05B933EC-3BBA-4686-BDD0-B37B24CC3E37}.Release|x64.ActiveCfg = Release|Any CPU
		{05B933EC-3BBA-4686-BDD0-B37B24CC3E37}.Release|x64.Build.0 = Release|Any CPU
		{05B933EC-3BBA-4686-BDD0-B37B24CC3E37}.Release|x86.ActiveCfg = Release|Any CPU
		{05B933EC-3BBA-4686-BDD0-B37B24CC3E37}.Release|x86.Build.0 = Release|Any CPU
	EndGlobalSection
	GlobalSection(SolutionProperties) = preSolution
		HideSolutionNode = FALSE
	EndGlobalSection
	GlobalSection(NestedProjects) = preSolution
		{05032AFB-5848-46C4-A571-4CFFD203A88E} = {187B9586-D3F9-4D88-8217-02FEB52B4BA8}
		{0FE56DA4-86C7-40DC-90BC-D66A9AAEBDE2} = {187B9586-D3F9-4D88-8217-02FEB52B4BA8}
		{05B933EC-3BBA-4686-BDD0-B37B24CC3E37} = {187B9586-D3F9-4D88-8217-02FEB52B4BA8}
	EndGlobalSection
	GlobalSection(ExtensibilityGlobals) = postSolution
		SolutionGuid = {DFF967DB-B00A-4F05-B808-FA8F3EBE21DD}
	EndGlobalSection
EndGlobal
